
Microsoft Visual Studio Solution File, Format Version 11.00
# Visual Studio 2010
Project("{FAE04EC0-301F-11D3-BF4B-00C04F79EFBC}") = "GTM", "GTM\GTM\GTM.csproj", "{5B64D95F-3142-4411-AA11-EE58C6CA0306}"
EndProject
Project("{FAE04EC0-301F-11D3-BF4B-00C04F79EFBC}") = "GTMContent", "GTM\GTMContent\GTMContent.contentproj", "{5E898974-8BD5-49C8-B4C6-31F0EBE07155}"
EndProject
Project("{FAE04EC0-301F-11D3-BF4B-00C04F79EFBC}") = "GTMEngine", "GTMEngine\GTMEngine.csproj", "{9A2CFC95-92E8-473D-994B-8810A617A8E2}"
EndProject
Global
	GlobalSection(SolutionConfigurationPlatforms) = preSolution
		Debug|x86 = Debug|x86
		Release|x86 = Release|x86
	EndGlobalSection
	GlobalSection(ProjectConfigurationPlatforms) = postSolution
		{5B64D95F-3142-4411-AA11-EE58C6CA0306}.Debug|x86.ActiveCfg = Debug|x86
		{5B64D95F-3142-4411-AA11-EE58C6CA0306}.Debug|x86.Build.0 = Debug|x86
		{5B64D95F-3142-4411-AA11-EE58C6CA0306}.Release|x86.ActiveCfg = Release|x86
		{5B64D95F-3142-4411-AA11-EE58C6CA0306}.Release|x86.Build.0 = Release|x86
		{5E898974-8BD5-49C8-B4C6-31F0EBE07155}.Debug|x86.ActiveCfg = Debug|x86
		{5E898974-8BD5-49C8-B4C6-31F0EBE07155}.Release|x86.ActiveCfg = Release|x86
		{9A2CFC95-92E8-473D-994B-8810A617A8E2}.Debug|x86.ActiveCfg = Debug|x86
		{9A2CFC95-92E8-473D-994B-8810A617A8E2}.Debug|x86.Build.0 = Debug|x86
		{9A2CFC95-92E8-473D-994B-8810A617A8E2}.Release|x86.ActiveCfg = Release|x86
		{9A2CFC95-92E8-473D-994B-8810A617A8E2}.Release|x86.Build.0 = Release|x86
	EndGlobalSection
	GlobalSection(SolutionProperties) = preSolution
		HideSolutionNode = FALSE
	EndGlobalSection
EndGlobal
